
Microsoft Visual Studio Solution File, Format Version 12.00
# Visual Studio 15
VisualStudioVersion = 15.0.27428.2015
MinimumVisualStudioVersion = 10.0.40219.1
Project("{FAE04EC0-301F-11D3-BF4B-00C04F79EFBC}") = "Lab1Part2Deliverable", "Lab1Part2Deliverable\Lab1Part2Deliverable.csproj", "{1765B00D-5831-486B-8807-0FA732FA0378}"
EndProject
Global
	GlobalSection(SolutionConfigurationPlatforms) = preSolution
		Debug|Any CPU = Debug|Any CPU
		Release|Any CPU = Release|Any CPU
	EndGlobalSection
	GlobalSection(ProjectConfigurationPlatforms) = postSolution
		{1765B00D-5831-486B-8807-0FA732FA0378}.Debug|Any CPU.ActiveCfg = Debug|Any CPU
		{1765B00D-5831-486B-8807-0FA732FA0378}.Debug|Any CPU.Build.0 = Debug|Any CPU
		{1765B00D-5831-486B-8807-0FA732FA0378}.Release|Any CPU.ActiveCfg = Release|Any CPU
		{1765B00D-5831-486B-8807-0FA732FA0378}.Release|Any CPU.Build.0 = Release|Any CPU
	EndGlobalSection
	GlobalSection(SolutionProperties) = preSolution
		HideSolutionNode = FALSE
	EndGlobalSection
	GlobalSection(ExtensibilityGlobals) = postSolution
		SolutionGuid = {4071232C-F224-49A8-8BB5-085DA0F80555}
	EndGlobalSection
EndGlobal
